// !$*UTF8*$!
{
	archiveVersion = 1;
	classes = {
	};
	objectVersion = 55;
	objects = {

/* Begin PBXBuildFile section */
		C01F931A26BE331F004BAAAC /* ShareViewController.swift in Sources */ = {isa = PBXBuildFile; fileRef = C01F931926BE331F004BAAAC /* ShareViewController.swift */; };
		C01F931D26BE331F004BAAAC /* MainInterface.storyboard in Resources */ = {isa = PBXBuildFile; fileRef = C01F931B26BE331F004BAAAC /* MainInterface.storyboard */; };
		C01F932126BE331F004BAAAC /* Share to Roam.appex in Embed App Extensions */ = {isa = PBXBuildFile; fileRef = C01F931726BE331F004BAAAC /* Share to Roam.appex */; settings = {ATTRIBUTES = (RemoveHeadersOnCopy, ); }; };
		C05FA57C26BE087700AEF3B2 /* AppDelegate.swift in Sources */ = {isa = PBXBuildFile; fileRef = C05FA57B26BE087700AEF3B2 /* AppDelegate.swift */; };
		C05FA57E26BE087700AEF3B2 /* SceneDelegate.swift in Sources */ = {isa = PBXBuildFile; fileRef = C05FA57D26BE087700AEF3B2 /* SceneDelegate.swift */; };
		C05FA58026BE087700AEF3B2 /* ViewController.swift in Sources */ = {isa = PBXBuildFile; fileRef = C05FA57F26BE087700AEF3B2 /* ViewController.swift */; };
		C05FA58326BE087700AEF3B2 /* Main.storyboard in Resources */ = {isa = PBXBuildFile; fileRef = C05FA58126BE087700AEF3B2 /* Main.storyboard */; };
		C05FA58526BE087800AEF3B2 /* Assets.xcassets in Resources */ = {isa = PBXBuildFile; fileRef = C05FA58426BE087800AEF3B2 /* Assets.xcassets */; };
		C05FA58826BE087800AEF3B2 /* LaunchScreen.storyboard in Resources */ = {isa = PBXBuildFile; fileRef = C05FA58626BE087800AEF3B2 /* LaunchScreen.storyboard */; };
/* End PBXBuildFile section */

/* Begin PBXContainerItemProxy section */
		C01F931F26BE331F004BAAAC /* PBXContainerItemProxy */ = {
			isa = PBXContainerItemProxy;
			containerPortal = C05FA57026BE087700AEF3B2 /* Project object */;
			proxyType = 1;
			remoteGlobalIDString = C01F931626BE331F004BAAAC;
			remoteInfo = "Share to Roam";
		};
/* End PBXContainerItemProxy section */

/* Begin PBXCopyFilesBuildPhase section */
		C01F930D26BE272E004BAAAC /* Embed App Extensions */ = {
			isa = PBXCopyFilesBuildPhase;
			buildActionMask = 2147483647;
			dstPath = "";
			dstSubfolderSpec = 13;
			files = (
				C01F932126BE331F004BAAAC /* Share to Roam.appex in Embed App Extensions */,
			);
			name = "Embed App Extensions";
			runOnlyForDeploymentPostprocessing = 0;
		};
/* End PBXCopyFilesBuildPhase section */

/* Begin PBXFileReference section */
		C01A228626BF5B9A009FBBE0 /* Roam Research.entitlements */ = {isa = PBXFileReference; lastKnownFileType = text.plist.entitlements; path = "Roam Research.entitlements"; sourceTree = "<group>"; };
		C01A228726BF5BA7009FBBE0 /* Roam ResearchRelease.entitlements */ = {isa = PBXFileReference; lastKnownFileType = text.plist.entitlements; path = "Roam ResearchRelease.entitlements"; sourceTree = "<group>"; };
		C01A228826BF5C06009FBBE0 /* Share to Roam.entitlements */ = {isa = PBXFileReference; lastKnownFileType = text.plist.entitlements; path = "Share to Roam.entitlements"; sourceTree = "<group>"; };
		C01A228926BF5C14009FBBE0 /* Share to RoamRelease.entitlements */ = {isa = PBXFileReference; lastKnownFileType = text.plist.entitlements; path = "Share to RoamRelease.entitlements"; sourceTree = "<group>"; };
		C01F931726BE331F004BAAAC /* Share to Roam.appex */ = {isa = PBXFileReference; explicitFileType = "wrapper.app-extension"; includeInIndex = 0; path = "Share to Roam.appex"; sourceTree = BUILT_PRODUCTS_DIR; };
		C01F931926BE331F004BAAAC /* ShareViewController.swift */ = {isa = PBXFileReference; lastKnownFileType = sourcecode.swift; path = ShareViewController.swift; sourceTree = "<group>"; };
		C01F931C26BE331F004BAAAC /* Base */ = {isa = PBXFileReference; lastKnownFileType = file.storyboard; name = Base; path = Base.lproj/MainInterface.storyboard; sourceTree = "<group>"; };
		C01F931E26BE331F004BAAAC /* Info.plist */ = {isa = PBXFileReference; lastKnownFileType = text.plist.xml; path = Info.plist; sourceTree = "<group>"; };
		C036A79026BF4F1C0012F395 /* README.md */ = {isa = PBXFileReference; lastKnownFileType = net.daringfireball.markdown; path = README.md; sourceTree = "<group>"; };
		C036A79126BF51EE0012F395 /* LICENSE.md */ = {isa = PBXFileReference; lastKnownFileType = net.daringfireball.markdown; path = LICENSE.md; sourceTree = "<group>"; };
		C05FA57826BE087700AEF3B2 /* Roam Research.app */ = {isa = PBXFileReference; explicitFileType = wrapper.application; includeInIndex = 0; path = "Roam Research.app"; sourceTree = BUILT_PRODUCTS_DIR; };
		C05FA57B26BE087700AEF3B2 /* AppDelegate.swift */ = {isa = PBXFileReference; lastKnownFileType = sourcecode.swift; path = AppDelegate.swift; sourceTree = "<group>"; };
		C05FA57D26BE087700AEF3B2 /* SceneDelegate.swift */ = {isa = PBXFileReference; lastKnownFileType = sourcecode.swift; path = SceneDelegate.swift; sourceTree = "<group>"; };
		C05FA57F26BE087700AEF3B2 /* ViewController.swift */ = {isa = PBXFileReference; lastKnownFileType = sourcecode.swift; path = ViewController.swift; sourceTree = "<group>"; };
		C05FA58226BE087700AEF3B2 /* Base */ = {isa = PBXFileReference; lastKnownFileType = file.storyboard; name = Base; path = Base.lproj/Main.storyboard; sourceTree = "<group>"; };
		C05FA58426BE087800AEF3B2 /* Assets.xcassets */ = {isa = PBXFileReference; lastKnownFileType = folder.assetcatalog; path = Assets.xcassets; sourceTree = "<group>"; };
		C05FA58726BE087800AEF3B2 /* Base */ = {isa = PBXFileReference; lastKnownFileType = file.storyboard; name = Base; path = Base.lproj/LaunchScreen.storyboard; sourceTree = "<group>"; };
		C05FA58926BE087800AEF3B2 /* Info.plist */ = {isa = PBXFileReference; lastKnownFileType = text.plist.xml; path = Info.plist; sourceTree = "<group>"; };
/* End PBXFileReference section */

/* Begin PBXFrameworksBuildPhase section */
		C01F931426BE331F004BAAAC /* Frameworks */ = {
			isa = PBXFrameworksBuildPhase;
			buildActionMask = 2147483647;
			files = (
			);
			runOnlyForDeploymentPostprocessing = 0;
		};
		C05FA57526BE087700AEF3B2 /* Frameworks */ = {
			isa = PBXFrameworksBuildPhase;
			buildActionMask = 2147483647;
			files = (
			);
			runOnlyForDeploymentPostprocessing = 0;
		};
/* End PBXFrameworksBuildPhase section */

/* Begin PBXGroup section */
		C01F931826BE331F004BAAAC /* Share to Roam */ = {
			isa = PBXGroup;
			children = (
				C01A228926BF5C14009FBBE0 /* Share to RoamRelease.entitlements */,
				C01A228826BF5C06009FBBE0 /* Share to Roam.entitlements */,
				C01F931926BE331F004BAAAC /* ShareViewController.swift */,
				C01F931B26BE331F004BAAAC /* MainInterface.storyboard */,
				C01F931E26BE331F004BAAAC /* Info.plist */,
			);
			path = "Share to Roam";
			sourceTree = "<group>";
		};
		C05FA56F26BE087700AEF3B2 = {
			isa = PBXGroup;
			children = (
				C036A79126BF51EE0012F395 /* LICENSE.md */,
				C036A79026BF4F1C0012F395 /* README.md */,
				C05FA57A26BE087700AEF3B2 /* Roam Research */,
				C01F931826BE331F004BAAAC /* Share to Roam */,
				C05FA57926BE087700AEF3B2 /* Products */,
			);
			sourceTree = "<group>";
		};
		C05FA57926BE087700AEF3B2 /* Products */ = {
			isa = PBXGroup;
			children = (
				C05FA57826BE087700AEF3B2 /* Roam Research.app */,
				C01F931726BE331F004BAAAC /* Share to Roam.appex */,
			);
			name = Products;
			sourceTree = "<group>";
		};
		C05FA57A26BE087700AEF3B2 /* Roam Research */ = {
			isa = PBXGroup;
			children = (
				C01A228726BF5BA7009FBBE0 /* Roam ResearchRelease.entitlements */,
				C01A228626BF5B9A009FBBE0 /* Roam Research.entitlements */,
				C05FA57B26BE087700AEF3B2 /* AppDelegate.swift */,
				C05FA57D26BE087700AEF3B2 /* SceneDelegate.swift */,
				C05FA57F26BE087700AEF3B2 /* ViewController.swift */,
				C05FA58126BE087700AEF3B2 /* Main.storyboard */,
				C05FA58426BE087800AEF3B2 /* Assets.xcassets */,
				C05FA58626BE087800AEF3B2 /* LaunchScreen.storyboard */,
				C05FA58926BE087800AEF3B2 /* Info.plist */,
			);
			path = "Roam Research";
			sourceTree = "<group>";
		};
/* End PBXGroup section */

/* Begin PBXNativeTarget section */
		C01F931626BE331F004BAAAC /* Share to Roam */ = {
			isa = PBXNativeTarget;
			buildConfigurationList = C01F932226BE331F004BAAAC /* Build configuration list for PBXNativeTarget "Share to Roam" */;
			buildPhases = (
				C01F931326BE331F004BAAAC /* Sources */,
				C01F931426BE331F004BAAAC /* Frameworks */,
				C01F931526BE331F004BAAAC /* Resources */,
			);
			buildRules = (
			);
			dependencies = (
			);
			name = "Share to Roam";
			productName = "Share to Roam";
			productReference = C01F931726BE331F004BAAAC /* Share to Roam.appex */;
			productType = "com.apple.product-type.app-extension";
		};
		C05FA57726BE087700AEF3B2 /* Roam Research */ = {
			isa = PBXNativeTarget;
			buildConfigurationList = C05FA58C26BE087800AEF3B2 /* Build configuration list for PBXNativeTarget "Roam Research" */;
			buildPhases = (
				C05FA57426BE087700AEF3B2 /* Sources */,
				C05FA57526BE087700AEF3B2 /* Frameworks */,
				C05FA57626BE087700AEF3B2 /* Resources */,
				C01F930D26BE272E004BAAAC /* Embed App Extensions */,
			);
			buildRules = (
			);
			dependencies = (
				C01F932026BE331F004BAAAC /* PBXTargetDependency */,
			);
			name = "Roam Research";
			productName = "Roam Research";
			productReference = C05FA57826BE087700AEF3B2 /* Roam Research.app */;
			productType = "com.apple.product-type.application";
		};
/* End PBXNativeTarget section */

/* Begin PBXProject section */
		C05FA57026BE087700AEF3B2 /* Project object */ = {
			isa = PBXProject;
			attributes = {
				BuildIndependentTargetsInParallel = 1;
				LastSwiftUpdateCheck = 1300;
				LastUpgradeCheck = 1300;
				TargetAttributes = {
					C01F931626BE331F004BAAAC = {
						CreatedOnToolsVersion = 13.0;
					};
					C05FA57726BE087700AEF3B2 = {
						CreatedOnToolsVersion = 13.0;
					};
				};
			};
			buildConfigurationList = C05FA57326BE087700AEF3B2 /* Build configuration list for PBXProject "Roam Research" */;
			compatibilityVersion = "Xcode 13.0";
			developmentRegion = en;
			hasScannedForEncodings = 0;
			knownRegions = (
				en,
				Base,
			);
			mainGroup = C05FA56F26BE087700AEF3B2;
			productRefGroup = C05FA57926BE087700AEF3B2 /* Products */;
			projectDirPath = "";
			projectRoot = "";
			targets = (
				C05FA57726BE087700AEF3B2 /* Roam Research */,
				C01F931626BE331F004BAAAC /* Share to Roam */,
			);
		};
/* End PBXProject section */

/* Begin PBXResourcesBuildPhase section */
		C01F931526BE331F004BAAAC /* Resources */ = {
			isa = PBXResourcesBuildPhase;
			buildActionMask = 2147483647;
			files = (
				C01F931D26BE331F004BAAAC /* MainInterface.storyboard in Resources */,
			);
			runOnlyForDeploymentPostprocessing = 0;
		};
		C05FA57626BE087700AEF3B2 /* Resources */ = {
			isa = PBXResourcesBuildPhase;
			buildActionMask = 2147483647;
			files = (
				C05FA58826BE087800AEF3B2 /* LaunchScreen.storyboard in Resources */,
				C05FA58526BE087800AEF3B2 /* Assets.xcassets in Resources */,
				C05FA58326BE087700AEF3B2 /* Main.storyboard in Resources */,
			);
			runOnlyForDeploymentPostprocessing = 0;
		};
/* End PBXResourcesBuildPhase section */

/* Begin PBXSourcesBuildPhase section */
		C01F931326BE331F004BAAAC /* Sources */ = {
			isa = PBXSourcesBuildPhase;
			buildActionMask = 2147483647;
			files = (
				C01F931A26BE331F004BAAAC /* ShareViewController.swift in Sources */,
			);
			runOnlyForDeploymentPostprocessing = 0;
		};
		C05FA57426BE087700AEF3B2 /* Sources */ = {
			isa = PBXSourcesBuildPhase;
			buildActionMask = 2147483647;
			files = (
				C05FA58026BE087700AEF3B2 /* ViewController.swift in Sources */,
				C05FA57C26BE087700AEF3B2 /* AppDelegate.swift in Sources */,
				C05FA57E26BE087700AEF3B2 /* SceneDelegate.swift in Sources */,
			);
			runOnlyForDeploymentPostprocessing = 0;
		};
/* End PBXSourcesBuildPhase section */

/* Begin PBXTargetDependency section */
		C01F932026BE331F004BAAAC /* PBXTargetDependency */ = {
			isa = PBXTargetDependency;
			target = C01F931626BE331F004BAAAC /* Share to Roam */;
			targetProxy = C01F931F26BE331F004BAAAC /* PBXContainerItemProxy */;
		};
/* End PBXTargetDependency section */

/* Begin PBXVariantGroup section */
		C01F931B26BE331F004BAAAC /* MainInterface.storyboard */ = {
			isa = PBXVariantGroup;
			children = (
				C01F931C26BE331F004BAAAC /* Base */,
			);
			name = MainInterface.storyboard;
			sourceTree = "<group>";
		};
		C05FA58126BE087700AEF3B2 /* Main.storyboard */ = {
			isa = PBXVariantGroup;
			children = (
				C05FA58226BE087700AEF3B2 /* Base */,
			);
			name = Main.storyboard;
			sourceTree = "<group>";
		};
		C05FA58626BE087800AEF3B2 /* LaunchScreen.storyboard */ = {
			isa = PBXVariantGroup;
			children = (
				C05FA58726BE087800AEF3B2 /* Base */,
			);
			name = LaunchScreen.storyboard;
			sourceTree = "<group>";
		};
/* End PBXVariantGroup section */

/* Begin XCBuildConfiguration section */
		C01F932326BE331F004BAAAC /* Debug */ = {
			isa = XCBuildConfiguration;
			buildSettings = {
				CODE_SIGN_ENTITLEMENTS = "Share to Roam/Share to Roam.entitlements";
				CODE_SIGN_STYLE = Automatic;
				CURRENT_PROJECT_VERSION = 2;
				DEVELOPMENT_TEAM = LR4RJT6586;
				GENERATE_INFOPLIST_FILE = YES;
				INFOPLIST_FILE = "Share to Roam/Info.plist";
				INFOPLIST_KEY_CFBundleDisplayName = "Share to Roam";
				INFOPLIST_KEY_NSHumanReadableCopyright = "";
				LD_RUNPATH_SEARCH_PATHS = (
					"$(inherited)",
					"@executable_path/Frameworks",
					"@executable_path/../../Frameworks",
				);
				MARKETING_VERSION = 1.0;
				PRODUCT_BUNDLE_IDENTIFIER = me.m1guelpf.RoamResearch.RoamShare;
				PRODUCT_NAME = "$(TARGET_NAME)";
				SKIP_INSTALL = YES;
				SWIFT_EMIT_LOC_STRINGS = YES;
				SWIFT_VERSION = 5.0;
				TARGETED_DEVICE_FAMILY = "1,2";
			};
			name = Debug;
		};
		C01F932426BE331F004BAAAC /* Release */ = {
			isa = XCBuildConfiguration;
			buildSettings = {
				CODE_SIGN_ENTITLEMENTS = "Share to Roam/Share to RoamRelease.entitlements";
				CODE_SIGN_STYLE = Automatic;
				CURRENT_PROJECT_VERSION = 2;
				DEVELOPMENT_TEAM = LR4RJT6586;
				GENERATE_INFOPLIST_FILE = YES;
				INFOPLIST_FILE = "Share to Roam/Info.plist";
				INFOPLIST_KEY_CFBundleDisplayName = "Share to Roam";
				INFOPLIST_KEY_NSHumanReadableCopyright = "";
				LD_RUNPATH_SEARCH_PATHS = (
					"$(inherited)",
					"@executable_path/Frameworks",
					"@executable_path/../../Frameworks",
				);
				MARKETING_VERSION = 1.0;
				PRODUCT_BUNDLE_IDENTIFIER = me.m1guelpf.RoamResearch.RoamShare;
				PRODUCT_NAME = "$(TARGET_NAME)";
				SKIP_INSTALL = YES;
				SWIFT_EMIT_LOC_STRINGS = YES;
				SWIFT_VERSION = 5.0;
				TARGETED_DEVICE_FAMILY = "1,2";
			};
			name = Release;
		};
		C05FA58A26BE087800AEF3B2 /* Debug */ = {
			isa = XCBuildConfiguration;
			buildSettings = {
				ALWAYS_SEARCH_USER_PATHS = NO;
				CLANG_ANALYZER_NONNULL = YES;
				CLANG_ANALYZER_NUMBER_OBJECT_CONVERSION = YES_AGGRESSIVE;
				CLANG_CXX_LANGUAGE_STANDARD = "gnu++17";
				CLANG_CXX_LIBRARY = "libc++";
				CLANG_ENABLE_MODULES = YES;
				CLANG_ENABLE_OBJC_ARC = YES;
				CLANG_ENABLE_OBJC_WEAK = YES;
				CLANG_WARN_BLOCK_CAPTURE_AUTORELEASING = YES;
				CLANG_WARN_BOOL_CONVERSION = YES;
				CLANG_WARN_COMMA = YES;
				CLANG_WARN_CONSTANT_CONVERSION = YES;
				CLANG_WARN_DEPRECATED_OBJC_IMPLEMENTATIONS = YES;
				CLANG_WARN_DIRECT_OBJC_ISA_USAGE = YES_ERROR;
				CLANG_WARN_DOCUMENTATION_COMMENTS = YES;
				CLANG_WARN_EMPTY_BODY = YES;
				CLANG_WARN_ENUM_CONVERSION = YES;
				CLANG_WARN_INFINITE_RECURSION = YES;
				CLANG_WARN_INT_CONVERSION = YES;
				CLANG_WARN_NON_LITERAL_NULL_CONVERSION = YES;
				CLANG_WARN_OBJC_IMPLICIT_RETAIN_SELF = YES;
				CLANG_WARN_OBJC_LITERAL_CONVERSION = YES;
				CLANG_WARN_OBJC_ROOT_CLASS = YES_ERROR;
				CLANG_WARN_QUOTED_INCLUDE_IN_FRAMEWORK_HEADER = YES;
				CLANG_WARN_RANGE_LOOP_ANALYSIS = YES;
				CLANG_WARN_STRICT_PROTOTYPES = YES;
				CLANG_WARN_SUSPICIOUS_MOVE = YES;
				CLANG_WARN_UNGUARDED_AVAILABILITY = YES_AGGRESSIVE;
				CLANG_WARN_UNREACHABLE_CODE = YES;
				CLANG_WARN__DUPLICATE_METHOD_MATCH = YES;
				COPY_PHASE_STRIP = NO;
				DEBUG_INFORMATION_FORMAT = dwarf;
				ENABLE_STRICT_OBJC_MSGSEND = YES;
				ENABLE_TESTABILITY = YES;
				GCC_C_LANGUAGE_STANDARD = gnu11;
				GCC_DYNAMIC_NO_PIC = NO;
				GCC_NO_COMMON_BLOCKS = YES;
				GCC_OPTIMIZATION_LEVEL = 0;
				GCC_PREPROCESSOR_DEFINITIONS = (
					"DEBUG=1",
					"$(inherited)",
				);
				GCC_WARN_64_TO_32_BIT_CONVERSION = YES;
				GCC_WARN_ABOUT_RETURN_TYPE = YES_ERROR;
				GCC_WARN_UNDECLARED_SELECTOR = YES;
				GCC_WARN_UNINITIALIZED_AUTOS = YES_AGGRESSIVE;
				GCC_WARN_UNUSED_FUNCTION = YES;
				GCC_WARN_UNUSED_VARIABLE = YES;
				IPHONEOS_DEPLOYMENT_TARGET = 15.0;
				MTL_ENABLE_DEBUG_INFO = INCLUDE_SOURCE;
				MTL_FAST_MATH = YES;
				ONLY_ACTIVE_ARCH = YES;
				SDKROOT = iphoneos;
				SWIFT_ACTIVE_COMPILATION_CONDITIONS = DEBUG;
				SWIFT_OPTIMIZATION_LEVEL = "-Onone";
			};
			name = Debug;
		};
		C05FA58B26BE087800AEF3B2 /* Release */ = {
			isa = XCBuildConfiguration;
			buildSettings = {
				ALWAYS_SEARCH_USER_PATHS = NO;
				CLANG_ANALYZER_NONNULL = YES;
				CLANG_ANALYZER_NUMBER_OBJECT_CONVERSION = YES_AGGRESSIVE;
				CLANG_CXX_LANGUAGE_STANDARD = "gnu++17";
				CLANG_CXX_LIBRARY = "libc++";
				CLANG_ENABLE_MODULES = YES;
				CLANG_ENABLE_OBJC_ARC = YES;
				CLANG_ENABLE_OBJC_WEAK = YES;
				CLANG_WARN_BLOCK_CAPTURE_AUTORELEASING = YES;
				CLANG_WARN_BOOL_CONVERSION = YES;
				CLANG_WARN_COMMA = YES;
				CLANG_WARN_CONSTANT_CONVERSION = YES;
				CLANG_WARN_DEPRECATED_OBJC_IMPLEMENTATIONS = YES;
				CLANG_WARN_DIRECT_OBJC_ISA_USAGE = YES_ERROR;
				CLANG_WARN_DOCUMENTATION_COMMENTS = YES;
				CLANG_WARN_EMPTY_BODY = YES;
				CLANG_WARN_ENUM_CONVERSION = YES;
				CLANG_WARN_INFINITE_RECURSION = YES;
				CLANG_WARN_INT_CONVERSION = YES;
				CLANG_WARN_NON_LITERAL_NULL_CONVERSION = YES;
				CLANG_WARN_OBJC_IMPLICIT_RETAIN_SELF = YES;
				CLANG_WARN_OBJC_LITERAL_CONVERSION = YES;
				CLANG_WARN_OBJC_ROOT_CLASS = YES_ERROR;
				CLANG_WARN_QUOTED_INCLUDE_IN_FRAMEWORK_HEADER = YES;
				CLANG_WARN_RANGE_LOOP_ANALYSIS = YES;
				CLANG_WARN_STRICT_PROTOTYPES = YES;
				CLANG_WARN_SUSPICIOUS_MOVE = YES;
				CLANG_WARN_UNGUARDED_AVAILABILITY = YES_AGGRESSIVE;
				CLANG_WARN_UNREACHABLE_CODE = YES;
				CLANG_WARN__DUPLICATE_METHOD_MATCH = YES;
				COPY_PHASE_STRIP = NO;
				DEBUG_INFORMATION_FORMAT = "dwarf-with-dsym";
				ENABLE_NS_ASSERTIONS = NO;
				ENABLE_STRICT_OBJC_MSGSEND = YES;
				GCC_C_LANGUAGE_STANDARD = gnu11;
				GCC_NO_COMMON_BLOCKS = YES;
				GCC_WARN_64_TO_32_BIT_CONVERSION = YES;
				GCC_WARN_ABOUT_RETURN_TYPE = YES_ERROR;
				GCC_WARN_UNDECLARED_SELECTOR = YES;
				GCC_WARN_UNINITIALIZED_AUTOS = YES_AGGRESSIVE;
				GCC_WARN_UNUSED_FUNCTION = YES;
				GCC_WARN_UNUSED_VARIABLE = YES;
				IPHONEOS_DEPLOYMENT_TARGET = 15.0;
				MTL_ENABLE_DEBUG_INFO = NO;
				MTL_FAST_MATH = YES;
				SDKROOT = iphoneos;
				SWIFT_COMPILATION_MODE = wholemodule;
				SWIFT_OPTIMIZATION_LEVEL = "-O";
				VALIDATE_PRODUCT = YES;
			};
			name = Release;
		};
		C05FA58D26BE087800AEF3B2 /* Debug */ = {
			isa = XCBuildConfiguration;
			buildSettings = {
				ALWAYS_EMBED_SWIFT_STANDARD_LIBRARIES = YES;
				ASSETCATALOG_COMPILER_APPICON_NAME = AppIcon;
				ASSETCATALOG_COMPILER_GLOBAL_ACCENT_COLOR_NAME = AccentColor;
				ASSETCATALOG_COMPILER_INCLUDE_ALL_APPICON_ASSETS = NO;
				CODE_SIGN_ENTITLEMENTS = "Roam Research/Roam Research.entitlements";
				CODE_SIGN_STYLE = Automatic;
				CURRENT_PROJECT_VERSION = 2;
				DEVELOPMENT_TEAM = LR4RJT6586;
				GENERATE_INFOPLIST_FILE = YES;
				INFOPLIST_FILE = "Roam Research/Info.plist";
				INFOPLIST_KEY_UIApplicationSupportsIndirectInputEvents = YES;
				INFOPLIST_KEY_UILaunchStoryboardName = LaunchScreen;
				INFOPLIST_KEY_UIMainStoryboardFile = Main;
				INFOPLIST_KEY_UISupportedInterfaceOrientations_iPad = "UIInterfaceOrientationPortrait UIInterfaceOrientationPortraitUpsideDown UIInterfaceOrientationLandscapeLeft UIInterfaceOrientationLandscapeRight";
				INFOPLIST_KEY_UISupportedInterfaceOrientations_iPhone = "UIInterfaceOrientationPortrait UIInterfaceOrientationLandscapeLeft UIInterfaceOrientationLandscapeRight";
				LD_RUNPATH_SEARCH_PATHS = (
					"$(inherited)",
					"@executable_path/Frameworks",
				);
				MARKETING_VERSION = 1.0;
				PRODUCT_BUNDLE_IDENTIFIER = me.m1guelpf.RoamResearch;
				PRODUCT_NAME = "$(TARGET_NAME)";
				SWIFT_EMIT_LOC_STRINGS = YES;
				SWIFT_VERSION = 5.0;
				TARGETED_DEVICE_FAMILY = "1,2";
			};
			name = Debug;
		};
		C05FA58E26BE087800AEF3B2 /* Release */ = {
			isa = XCBuildConfiguration;
			buildSettings = {
				ALWAYS_EMBED_SWIFT_STANDARD_LIBRARIES = YES;
				ASSETCATALOG_COMPILER_APPICON_NAME = AppIcon;
				ASSETCATALOG_COMPILER_GLOBAL_ACCENT_COLOR_NAME = AccentColor;
				ASSETCATALOG_COMPILER_INCLUDE_ALL_APPICON_ASSETS = NO;
				CODE_SIGN_ENTITLEMENTS = "Roam Research/Roam ResearchRelease.entitlements";
				CODE_SIGN_STYLE = Automatic;
				CURRENT_PROJECT_VERSION = 2;
				DEVELOPMENT_TEAM = LR4RJT6586;
				GENERATE_INFOPLIST_FILE = YES;
				INFOPLIST_FILE = "Roam Research/Info.plist";
				INFOPLIST_KEY_UIApplicationSupportsIndirectInputEvents = YES;
				INFOPLIST_KEY_UILaunchStoryboardName = LaunchScreen;
				INFOPLIST_KEY_UIMainStoryboardFile = Main;
				INFOPLIST_KEY_UISupportedInterfaceOrientations_iPad = "UIInterfaceOrientationPortrait UIInterfaceOrientationPortraitUpsideDown UIInterfaceOrientationLandscapeLeft UIInterfaceOrientationLandscapeRight";
				INFOPLIST_KEY_UISupportedInterfaceOrientations_iPhone = "UIInterfaceOrientationPortrait UIInterfaceOrientationLandscapeLeft UIInterfaceOrientationLandscapeRight";
				LD_RUNPATH_SEARCH_PATHS = (
					"$(inherited)",
					"@executable_path/Frameworks",
				);
				MARKETING_VERSION = 1.0;
				PRODUCT_BUNDLE_IDENTIFIER = me.m1guelpf.RoamResearch;
				PRODUCT_NAME = "$(TARGET_NAME)";
				SWIFT_EMIT_LOC_STRINGS = YES;
				SWIFT_VERSION = 5.0;
				TARGETED_DEVICE_FAMILY = "1,2";
			};
			name = Release;
		};
/* End XCBuildConfiguration section */

/* Begin XCConfigurationList section */
		C01F932226BE331F004BAAAC /* Build configuration list for PBXNativeTarget "Share to Roam" */ = {
			isa = XCConfigurationList;
			buildConfigurations = (
				C01F932326BE331F004BAAAC /* Debug */,
				C01F932426BE331F004BAAAC /* Release */,
			);
			defaultConfigurationIsVisible = 0;
			defaultConfigurationName = Release;
		};
		C05FA57326BE087700AEF3B2 /* Build configuration list for PBXProject "Roam Research" */ = {
			isa = XCConfigurationList;
			buildConfigurations = (
				C05FA58A26BE087800AEF3B2 /* Debug */,
				C05FA58B26BE087800AEF3B2 /* Release */,
			);
			defaultConfigurationIsVisible = 0;
			defaultConfigurationName = Release;
		};
		C05FA58C26BE087800AEF3B2 /* Build configuration list for PBXNativeTarget "Roam Research" */ = {
			isa = XCConfigurationList;
			buildConfigurations = (
				C05FA58D26BE087800AEF3B2 /* Debug */,
				C05FA58E26BE087800AEF3B2 /* Release */,
			);
			defaultConfigurationIsVisible = 0;
			defaultConfigurationName = Release;
		};
/* End XCConfigurationList section */
	};
	rootObject = C05FA57026BE087700AEF3B2 /* Project object */;
}
